# THIS IS AN AUTOGENERATED FILE. DO NOT EDIT THIS FILE DIRECTLY.
# yarn lockfile v1


recoil@^0.1.2:
  version "0.1.2"
  resolved "https://registry.yarnpkg.com/recoil/-/recoil-0.1.2.tgz#844c612f535826dbe54c977761a67ded16f6d063"
  integrity sha512-hIRrHlkmW4yITlBFprVYjVPhzPKYrJKoaDrrJtAtbkMeXfXaa/XE5OlyR10n+rNfnKWNToCKb3Z4fo86IGjkzg==
